
Microsoft Visual Studio Solution File, Format Version 12.00
# Visual Studio Version 16
VisualStudioVersion = 16.0.30204.135
MinimumVisualStudioVersion = 10.0.40219.1
Project("{FAE04EC0-301F-11D3-BF4B-00C04F79EFBC}") = "BrushUpStudentM", "BrushUpStudentM\BrushUpStudentM.csproj", "{C892FDE1-0CE1-4033-AD8D-867F90531458}"
EndProject
Project("{FAE04EC0-301F-11D3-BF4B-00C04F79EFBC}") = "BrushUpStudentMTests", "BrushUpStudentMTests\BrushUpStudentMTests.csproj", "{4F6425A7-221E-4677-9AF8-3BA6265B4DD8}"
EndProject
Global
	GlobalSection(SolutionConfigurationPlatforms) = preSolution
		Debug|Any CPU = Debug|Any CPU
		Release|Any CPU = Release|Any CPU
	EndGlobalSection
	GlobalSection(ProjectConfigurationPlatforms) = postSolution
		{C892FDE1-0CE1-4033-AD8D-867F90531458}.Debug|Any CPU.ActiveCfg = Debug|Any CPU
		{C892FDE1-0CE1-4033-AD8D-867F90531458}.Debug|Any CPU.Build.0 = Debug|Any CPU
		{C892FDE1-0CE1-4033-AD8D-867F90531458}.Release|Any CPU.ActiveCfg = Release|Any CPU
		{C892FDE1-0CE1-4033-AD8D-867F90531458}.Release|Any CPU.Build.0 = Release|Any CPU
		{4F6425A7-221E-4677-9AF8-3BA6265B4DD8}.Debug|Any CPU.ActiveCfg = Debug|Any CPU
		{4F6425A7-221E-4677-9AF8-3BA6265B4DD8}.Debug|Any CPU.Build.0 = Debug|Any CPU
		{4F6425A7-221E-4677-9AF8-3BA6265B4DD8}.Release|Any CPU.ActiveCfg = Release|Any CPU
		{4F6425A7-221E-4677-9AF8-3BA6265B4DD8}.Release|Any CPU.Build.0 = Release|Any CPU
	EndGlobalSection
	GlobalSection(SolutionProperties) = preSolution
		HideSolutionNode = FALSE
	EndGlobalSection
	GlobalSection(ExtensibilityGlobals) = postSolution
		SolutionGuid = {3ECEA102-20BB-4FD7-8DE3-490A0717EC8A}
	EndGlobalSection
EndGlobal
